
Microsoft Visual Studio Solution File, Format Version 12.00
# Visual Studio 2013
VisualStudioVersion = 12.0.31101.0
MinimumVisualStudioVersion = 10.0.40219.1
Project("{FAE04EC0-301F-11D3-BF4B-00C04F79EFBC}") = "Sample.ODataBackend", "../../src/Sample/ODataBackend/Sample.ODataBackend.csproj", "{5D44BA4C-40A3-40A9-AE72-87AEC7F16FD1}"
EndProject
Project("{FAE04EC0-301F-11D3-BF4B-00C04F79EFBC}") = "Sample.Objects", "../../src/Sample/Objects/Sample.Objects.csproj", "{66E049BE-2B27-42BA-ABAE-86DDF1704670}"
EndProject
Global
	GlobalSection(SolutionConfigurationPlatforms) = preSolution
Debug|Any CPU = Debug|Any CPU
Release|Any CPU = Release|Any CPU
	EndGlobalSection
	GlobalSection(ProjectConfigurationPlatforms) = postSolution
		{5D44BA4C-40A3-40A9-AE72-87AEC7F16FD1}.Debug|Any CPU.ActiveCfg = Debug|Any CPU
		{5D44BA4C-40A3-40A9-AE72-87AEC7F16FD1}.Debug|Any CPU.Build.0 = Debug|Any CPU
		{5D44BA4C-40A3-40A9-AE72-87AEC7F16FD1}.Release|Any CPU.ActiveCfg = Release|Any CPU
		{5D44BA4C-40A3-40A9-AE72-87AEC7F16FD1}.Release|Any CPU.Build.0 = Release|Any CPU
		{66E049BE-2B27-42BA-ABAE-86DDF1704670}.Debug|Any CPU.ActiveCfg = Debug|Any CPU
		{66E049BE-2B27-42BA-ABAE-86DDF1704670}.Debug|Any CPU.Build.0 = Debug|Any CPU
		{66E049BE-2B27-42BA-ABAE-86DDF1704670}.Release|Any CPU.ActiveCfg = Release|Any CPU
		{66E049BE-2B27-42BA-ABAE-86DDF1704670}.Release|Any CPU.Build.0 = Release|Any CPU
	EndGlobalSection
	GlobalSection(SolutionProperties) = preSolution
		HideSolutionNode = FALSE
	EndGlobalSection
EndGlobal
